
Microsoft Visual Studio Solution File, Format Version 12.00
# Visual Studio Express 15 for Windows Desktop
VisualStudioVersion = 15.0.27703.2047
MinimumVisualStudioVersion = 10.0.40219.1
Project("{FAE04EC0-301F-11D3-BF4B-00C04F79EFBC}") = "InstaladorMapsCS", "InstaladorMapsCS\InstaladorMapsCS.csproj", "{874E10AC-AD49-48B5-98D5-F965B55060E2}"
EndProject
Global
	GlobalSection(SolutionConfigurationPlatforms) = preSolution
		Debug|Any CPU = Debug|Any CPU
		Release|Any CPU = Release|Any CPU
	EndGlobalSection
	GlobalSection(ProjectConfigurationPlatforms) = postSolution
		{874E10AC-AD49-48B5-98D5-F965B55060E2}.Debug|Any CPU.ActiveCfg = Debug|Any CPU
		{874E10AC-AD49-48B5-98D5-F965B55060E2}.Debug|Any CPU.Build.0 = Debug|Any CPU
		{874E10AC-AD49-48B5-98D5-F965B55060E2}.Release|Any CPU.ActiveCfg = Release|Any CPU
		{874E10AC-AD49-48B5-98D5-F965B55060E2}.Release|Any CPU.Build.0 = Release|Any CPU
	EndGlobalSection
	GlobalSection(SolutionProperties) = preSolution
		HideSolutionNode = FALSE
	EndGlobalSection
	GlobalSection(ExtensibilityGlobals) = postSolution
		SolutionGuid = {B07E8532-1376-4BCB-BDA3-730A9C9481AE}
	EndGlobalSection
EndGlobal
